<?xml version="1.0" encoding="utf-8"?>
<Project ToolsVersion="4.0" xmlns="http://schemas.microsoft.com/developer/msbuild/2003">
  <ItemGroup>
    <Filter Include="Game">
      <UniqueIdentifier>{30942d89-0ec9-48fe-981b-966ee76ab728}</UniqueIdentifier>
    </Filter>
    <Filter Include="Game\Main">
      <UniqueIdentifier>{04e0f921-d85c-446f-9fd5-7789a2061853}</UniqueIdentifier>
    </Filter>
    <Filter Include="Game\Scenes">
      <UniqueIdentifier>{8ec255ef-ebca-4b01-8c14-a2e45fd7388f}</UniqueIdentifier>
    </Filter>
    <Filter Include="Game\Scenes\MainMenu">
      <UniqueIdentifier>{1f65ae76-5a10-4bf3-87b3-ab266f222b5d}</UniqueIdentifier>
    </Filter>
    <Filter Include="Game\Scenes\Intro">
      <UniqueIdentifier>{ca52e223-3caa-4159-bc10-3b7720559e78}</UniqueIdentifier>
    </Filter>
    <Filter Include="Game\Icon">
      <UniqueIdentifier>{e496d48c-f5b4-494d-b8d7-1d551e4b4c77}</UniqueIdentifier>
    </Filter>
    <Filter Include="Game\Scenes\Homes">
      <UniqueIdentifier>{ad5a0dcb-4bf8-4dc2-9ecb-e45252bd3719}</UniqueIdentifier>
    </Filter>
    <Filter Include="Game\Scenes\Homes\PlayerHome">
      <UniqueIdentifier>{e6624e2f-b588-46b9-9f3b-6da555ffa11e}</UniqueIdentifier>
    </Filter>
    <Filter Include="Game\Entites">
      <UniqueIdentifier>{662c07b0-53b8-4909-8f6a-0aab1d7fad03}</UniqueIdentifier>
    </Filter>
    <Filter Include="Game\Entites\Player">
      <UniqueIdentifier>{625c7f6b-29b8-40f6-8dd5-5b219a2cedec}</UniqueIdentifier>
    </Filter>
    <Filter Include="Game\Scenes\Homes\PlayerHouse2">
      <UniqueIdentifier>{dd454ca2-2d9d-497f-bbf4-1e01dc7c2405}</UniqueIdentifier>
    </Filter>
    <Filter Include="Game\Entites\NPC">
      <UniqueIdentifier>{f8cbb750-a9d1-4f09-9af6-afa2864e5030}</UniqueIdentifier>
    </Filter>
  </ItemGroup>
  <ItemGroup>
    <ClCompile Include="Main.cpp">
      <Filter>Game\Main</Filter>
    </ClCompile>
    <ClCompile Include="MainMenu.cpp">
      <Filter>Game\Scenes\MainMenu</Filter>
    </ClCompile>
    <ClCompile Include="Intro.cpp">
      <Filter>Game\Scenes\Intro</Filter>
    </ClCompile>
    <ClCompile Include="PlayerHome.cpp">
      <Filter>Game\Scenes\Homes\PlayerHome</Filter>
    </ClCompile>
    <ClCompile Include="Player.cpp">
      <Filter>Game\Entites\Player</Filter>
    </ClCompile>
    <ClCompile Include="PlayerHouse2.cpp">
      <Filter>Game\Scenes\Homes\PlayerHouse2</Filter>
    </ClCompile>
    <ClCompile Include="SceneList.cpp">
      <Filter>Game\Scenes</Filter>
    </ClCompile>
    <ClCompile Include="NPC.cpp">
      <Filter>Game\Entites\NPC</Filter>
    </ClCompile>
  </ItemGroup>
  <ItemGroup>
    <ClInclude Include="MainMenu.h">
      <Filter>Game\Scenes\MainMenu</Filter>
    </ClInclude>
    <ClInclude Include="Intro.h">
      <Filter>Game\Scenes\Intro</Filter>
    </ClInclude>
    <ClInclude Include="resource.h">
      <Filter>Game\Icon</Filter>
    </ClInclude>
    <ClInclude Include="PlayerHome.h">
      <Filter>Game\Scenes\Homes\PlayerHome</Filter>
    </ClInclude>
    <ClInclude Include="Player.h">
      <Filter>Game\Entites\Player</Filter>
    </ClInclude>
    <ClInclude Include="PlayerHouse2.h">
      <Filter>Game\Scenes\Homes\PlayerHouse2</Filter>
    </ClInclude>
    <ClInclude Include="SceneList.h">
      <Filter>Game\Scenes</Filter>
    </ClInclude>
    <ClInclude Include="NPC.h">
      <Filter>Game\Entites\NPC</Filter>
    </ClInclude>
  </ItemGroup>
  <ItemGroup>
    <ResourceCompile Include="Game.rc">
      <Filter>Game\Icon</Filter>
    </ResourceCompile>
  </ItemGroup>
  <ItemGroup>
    <Image Include="Data\Textures\Other\Icon\icon.ico">
      <Filter>Game\Icon</Filter>
    </Image>
  </ItemGroup>
</Project>