
Microsoft Visual Studio Solution File, Format Version 12.00
# Visual Studio Version 17
VisualStudioVersion = 17.11.35327.3
MinimumVisualStudioVersion = 10.0.40219.1
Project("{8BC9CEB8-8B4A-11D0-8D11-00A0C91BC942}") = "Pengine", "Pengine\Pengine.vcxproj", "{E6C1AEDF-2920-46AD-BF67-48FF29507CBE}"
EndProject
Project("{8BC9CEB8-8B4A-11D0-8D11-00A0C91BC942}") = "Game", "Game\Game.vcxproj", "{6E246386-E6B2-462D-B59F-2D03273B9A69}"
EndProject
Global
	GlobalSection(SolutionConfigurationPlatforms) = preSolution
		Debug|x64 = Debug|x64
		Debug|x86 = Debug|x86
		Release|x64 = Release|x64
		Release|x86 = Release|x86
	EndGlobalSection
	GlobalSection(ProjectConfigurationPlatforms) = postSolution
		{E6C1AEDF-2920-46AD-BF67-48FF29507CBE}.Debug|x64.ActiveCfg = Debug|x64
		{E6C1AEDF-2920-46AD-BF67-48FF29507CBE}.Debug|x64.Build.0 = Debug|x64
		{E6C1AEDF-2920-46AD-BF67-48FF29507CBE}.Debug|x86.ActiveCfg = Debug|Win32
		{E6C1AEDF-2920-46AD-BF67-48FF29507CBE}.Debug|x86.Build.0 = Debug|Win32
		{E6C1AEDF-2920-46AD-BF67-48FF29507CBE}.Release|x64.ActiveCfg = Release|x64
		{E6C1AEDF-2920-46AD-BF67-48FF29507CBE}.Release|x64.Build.0 = Release|x64
		{E6C1AEDF-2920-46AD-BF67-48FF29507CBE}.Release|x86.ActiveCfg = Release|Win32
		{E6C1AEDF-2920-46AD-BF67-48FF29507CBE}.Release|x86.Build.0 = Release|Win32
		{6E246386-E6B2-462D-B59F-2D03273B9A69}.Debug|x64.ActiveCfg = Debug|x64
		{6E246386-E6B2-462D-B59F-2D03273B9A69}.Debug|x64.Build.0 = Debug|x64
		{6E246386-E6B2-462D-B59F-2D03273B9A69}.Debug|x86.ActiveCfg = Debug|Win32
		{6E246386-E6B2-462D-B59F-2D03273B9A69}.Debug|x86.Build.0 = Debug|Win32
		{6E246386-E6B2-462D-B59F-2D03273B9A69}.Release|x64.ActiveCfg = Release|x64
		{6E246386-E6B2-462D-B59F-2D03273B9A69}.Release|x64.Build.0 = Release|x64
		{6E246386-E6B2-462D-B59F-2D03273B9A69}.Release|x86.ActiveCfg = Release|Win32
		{6E246386-E6B2-462D-B59F-2D03273B9A69}.Release|x86.Build.0 = Release|Win32
	EndGlobalSection
	GlobalSection(SolutionProperties) = preSolution
		HideSolutionNode = FALSE
	EndGlobalSection
	GlobalSection(ExtensibilityGlobals) = postSolution
		SolutionGuid = {291560EA-B797-493F-B522-629C41C7E76A}
	EndGlobalSection
EndGlobal
