<?xml version="1.0" encoding="utf-8"?>
<Project ToolsVersion="4.0" xmlns="http://schemas.microsoft.com/developer/msbuild/2003">
  <ItemGroup>
    <Filter Include="Main">
      <UniqueIdentifier>{7e6004d1-d1ce-489c-91d9-9680d3633a2b}</UniqueIdentifier>
    </Filter>
    <Filter Include="Window">
      <UniqueIdentifier>{47a33aee-f1bc-4cdf-946d-333672298add}</UniqueIdentifier>
    </Filter>
    <Filter Include="Window\Scene">
      <UniqueIdentifier>{2f73e5a6-7f1e-4ba6-af47-a4d6b01837b2}</UniqueIdentifier>
    </Filter>
    <Filter Include="Window\Scene\SceneManager">
      <UniqueIdentifier>{b444873a-7a0b-45de-b7db-57e0960d5d3d}</UniqueIdentifier>
    </Filter>
    <Filter Include="Colader">
      <UniqueIdentifier>{cfb441e0-0448-4cf5-b0d0-68f283e38c93}</UniqueIdentifier>
    </Filter>
  </ItemGroup>
  <ItemGroup>
    <ClInclude Include="pch.h">
      <Filter>Main</Filter>
    </ClInclude>
    <ClInclude Include="framework.h">
      <Filter>Main</Filter>
    </ClInclude>
    <ClInclude Include="Pwindow.h">
      <Filter>Window</Filter>
    </ClInclude>
    <ClInclude Include="Pscene.h">
      <Filter>Window\Scene</Filter>
    </ClInclude>
    <ClInclude Include="PsceneManager.h">
      <Filter>Window\Scene\SceneManager</Filter>
    </ClInclude>
    <ClInclude Include="Pengine.h" />
    <ClInclude Include="Pcolader.h">
      <Filter>Colader</Filter>
    </ClInclude>
  </ItemGroup>
  <ItemGroup>
    <ClCompile Include="dllmain.cpp">
      <Filter>Main</Filter>
    </ClCompile>
    <ClCompile Include="pch.cpp">
      <Filter>Main</Filter>
    </ClCompile>
    <ClCompile Include="Pwindow.cpp">
      <Filter>Window</Filter>
    </ClCompile>
    <ClCompile Include="PsceneManager.cpp">
      <Filter>Window\Scene\SceneManager</Filter>
    </ClCompile>
    <ClCompile Include="Pscene.cpp">
      <Filter>Window\Scene</Filter>
    </ClCompile>
    <ClCompile Include="Pcolader.cpp">
      <Filter>Colader</Filter>
    </ClCompile>
  </ItemGroup>
</Project>