<?xml version="1.0" encoding="utf-8"?>
<Project ToolsVersion="4.0" xmlns="http://schemas.microsoft.com/developer/msbuild/2003">
  <ItemGroup>
    <Filter Include="Main">
      <UniqueIdentifier>{7e6004d1-d1ce-489c-91d9-9680d3633a2b}</UniqueIdentifier>
    </Filter>
    <Filter Include="Window">
      <UniqueIdentifier>{47a33aee-f1bc-4cdf-946d-333672298add}</UniqueIdentifier>
    </Filter>
    <Filter Include="Colader">
      <UniqueIdentifier>{cfb441e0-0448-4cf5-b0d0-68f283e38c93}</UniqueIdentifier>
    </Filter>
    <Filter Include="Input">
      <UniqueIdentifier>{3ee00043-4f94-49d2-85de-2cc7e671e515}</UniqueIdentifier>
    </Filter>
    <Filter Include="Sprites">
      <UniqueIdentifier>{b1cc1145-aae9-44a4-800c-3e7912bc5da0}</UniqueIdentifier>
    </Filter>
    <Filter Include="Scene">
      <UniqueIdentifier>{2f73e5a6-7f1e-4ba6-af47-a4d6b01837b2}</UniqueIdentifier>
    </Filter>
    <Filter Include="SceneManager">
      <UniqueIdentifier>{b444873a-7a0b-45de-b7db-57e0960d5d3d}</UniqueIdentifier>
    </Filter>
    <Filter Include="Sprites\Default">
      <UniqueIdentifier>{597e57ff-6c18-4a87-bacf-1a8cc52ea614}</UniqueIdentifier>
    </Filter>
    <Filter Include="Sprites\Animated">
      <UniqueIdentifier>{8d12bd22-abc3-4056-b012-87df7b35903e}</UniqueIdentifier>
    </Filter>
    <Filter Include="Sprites\Split">
      <UniqueIdentifier>{351e23b4-7437-4326-ba96-5659cc39f942}</UniqueIdentifier>
    </Filter>
    <Filter Include="Text">
      <UniqueIdentifier>{e09e6e2e-6039-4933-9e0e-7040ef1ec520}</UniqueIdentifier>
    </Filter>
    <Filter Include="Lang">
      <UniqueIdentifier>{56346a45-f7b2-48f1-9979-9a8691206230}</UniqueIdentifier>
    </Filter>
    <Filter Include="Sound">
      <UniqueIdentifier>{814029da-0e16-4f0c-b544-4556dea6a857}</UniqueIdentifier>
    </Filter>
    <Filter Include="Effect">
      <UniqueIdentifier>{87ccafb5-84a8-4883-92b5-8c7d2bc58268}</UniqueIdentifier>
    </Filter>
  </ItemGroup>
  <ItemGroup>
    <ClInclude Include="pch.h">
      <Filter>Main</Filter>
    </ClInclude>
    <ClInclude Include="framework.h">
      <Filter>Main</Filter>
    </ClInclude>
    <ClInclude Include="Pwindow.h">
      <Filter>Window</Filter>
    </ClInclude>
    <ClInclude Include="Pscene.h">
      <Filter>Scene</Filter>
    </ClInclude>
    <ClInclude Include="PsceneManager.h">
      <Filter>SceneManager</Filter>
    </ClInclude>
    <ClInclude Include="Pengine.h" />
    <ClInclude Include="Pcolader.h">
      <Filter>Colader</Filter>
    </ClInclude>
    <ClInclude Include="Pinput.h">
      <Filter>Input</Filter>
    </ClInclude>
    <ClInclude Include="Psprite.h">
      <Filter>Sprites\Default</Filter>
    </ClInclude>
    <ClInclude Include="PanimatedSprite.h">
      <Filter>Sprites\Animated</Filter>
    </ClInclude>
    <ClInclude Include="PsplitSprite.h">
      <Filter>Sprites\Split</Filter>
    </ClInclude>
    <ClInclude Include="Ptext.h">
      <Filter>Text</Filter>
    </ClInclude>
    <ClInclude Include="Plang.h">
      <Filter>Lang</Filter>
    </ClInclude>
    <ClInclude Include="Psound.h">
      <Filter>Sound</Filter>
    </ClInclude>
    <ClInclude Include="Pmusic.h">
      <Filter>Sound</Filter>
    </ClInclude>
    <ClInclude Include="Peffect.h">
      <Filter>Effect</Filter>
    </ClInclude>
  </ItemGroup>
  <ItemGroup>
    <ClCompile Include="dllmain.cpp">
      <Filter>Main</Filter>
    </ClCompile>
    <ClCompile Include="pch.cpp">
      <Filter>Main</Filter>
    </ClCompile>
    <ClCompile Include="Pwindow.cpp">
      <Filter>Window</Filter>
    </ClCompile>
    <ClCompile Include="PsceneManager.cpp">
      <Filter>SceneManager</Filter>
    </ClCompile>
    <ClCompile Include="Pscene.cpp">
      <Filter>Scene</Filter>
    </ClCompile>
    <ClCompile Include="Pcolader.cpp">
      <Filter>Colader</Filter>
    </ClCompile>
    <ClCompile Include="Pinput.cpp">
      <Filter>Input</Filter>
    </ClCompile>
    <ClCompile Include="Psprite.cpp">
      <Filter>Sprites\Default</Filter>
    </ClCompile>
    <ClCompile Include="PanimatedSprite.cpp">
      <Filter>Sprites\Animated</Filter>
    </ClCompile>
    <ClCompile Include="PsplitSprite.cpp">
      <Filter>Sprites\Split</Filter>
    </ClCompile>
    <ClCompile Include="Ptext.cpp">
      <Filter>Text</Filter>
    </ClCompile>
    <ClCompile Include="Plang.cpp">
      <Filter>Lang</Filter>
    </ClCompile>
    <ClCompile Include="Psound.cpp">
      <Filter>Sound</Filter>
    </ClCompile>
    <ClCompile Include="Pmusic.cpp">
      <Filter>Sound</Filter>
    </ClCompile>
    <ClCompile Include="Peffect.cpp">
      <Filter>Effect</Filter>
    </ClCompile>
  </ItemGroup>
</Project>